
Microsoft Visual Studio Solution File, Format Version 12.00
# Visual Studio Version 16
VisualStudioVersion = 16.0.31229.75
MinimumVisualStudioVersion = 10.0.40219.1
Project("{FAE04EC0-301F-11D3-BF4B-00C04F79EFBC}") = "PhotoStudioAPI", "PhotoStudioAPI\PhotoStudioAPI.csproj", "{ABFC71E1-EF50-4316-A1E1-619ACF48A779}"
EndProject
Global
	GlobalSection(SolutionConfigurationPlatforms) = preSolution
		Debug|Any CPU = Debug|Any CPU
		Release|Any CPU = Release|Any CPU
	EndGlobalSection
	GlobalSection(ProjectConfigurationPlatforms) = postSolution
		{ABFC71E1-EF50-4316-A1E1-619ACF48A779}.Debug|Any CPU.ActiveCfg = Debug|Any CPU
		{ABFC71E1-EF50-4316-A1E1-619ACF48A779}.Debug|Any CPU.Build.0 = Debug|Any CPU
		{ABFC71E1-EF50-4316-A1E1-619ACF48A779}.Release|Any CPU.ActiveCfg = Release|Any CPU
		{ABFC71E1-EF50-4316-A1E1-619ACF48A779}.Release|Any CPU.Build.0 = Release|Any CPU
	EndGlobalSection
	GlobalSection(SolutionProperties) = preSolution
		HideSolutionNode = FALSE
	EndGlobalSection
	GlobalSection(ExtensibilityGlobals) = postSolution
		SolutionGuid = {A649DDDA-DCAD-4891-AC37-181AA0C1F28C}
	EndGlobalSection
EndGlobal
